// !$*UTF8*$!
{
	archiveVersion = 1;
	classes = {
	};
	objectVersion = 48;
	objects = {

/* Begin PBXBuildFile section */
		2A3E183F1FBE3DFC00F9A250 /* HealthKit.framework in Frameworks */ = {isa = PBXBuildFile; fileRef = 2A3E183E1FBE3DFC00F9A250 /* HealthKit.framework */; };
		CF3F4ABC1FBE378200399FC2 /* AppDelegate.swift in Sources */ = {isa = PBXBuildFile; fileRef = CF3F4ABB1FBE378200399FC2 /* AppDelegate.swift */; };
		CF3F4ABE1FBE378200399FC2 /* MainController.swift in Sources */ = {isa = PBXBuildFile; fileRef = CF3F4ABD1FBE378200399FC2 /* MainController.swift */; };
		CF3F4AC11FBE378200399FC2 /* Main.storyboard in Resources */ = {isa = PBXBuildFile; fileRef = CF3F4ABF1FBE378200399FC2 /* Main.storyboard */; };
		CF3F4AC31FBE378200399FC2 /* Assets.xcassets in Resources */ = {isa = PBXBuildFile; fileRef = CF3F4AC21FBE378200399FC2 /* Assets.xcassets */; };
		CF3F4AC61FBE378200399FC2 /* LaunchScreen.storyboard in Resources */ = {isa = PBXBuildFile; fileRef = CF3F4AC41FBE378200399FC2 /* LaunchScreen.storyboard */; };
		CF3F4AD11FBE378200399FC2 /* furychainsawUITests.swift in Sources */ = {isa = PBXBuildFile; fileRef = CF3F4AD01FBE378200399FC2 /* furychainsawUITests.swift */; };
/* End PBXBuildFile section */

/* Begin PBXContainerItemProxy section */
		CF3F4ACD1FBE378200399FC2 /* PBXContainerItemProxy */ = {
			isa = PBXContainerItemProxy;
			containerPortal = CF3F4AB01FBE378200399FC2 /* Project object */;
			proxyType = 1;
			remoteGlobalIDString = CF3F4AB71FBE378200399FC2;
			remoteInfo = furychainsaw;
		};
/* End PBXContainerItemProxy section */

/* Begin PBXFileReference section */
		2A3E183C1FBE3DFC00F9A250 /* furychainsaw.entitlements */ = {isa = PBXFileReference; lastKnownFileType = text.plist.entitlements; path = furychainsaw.entitlements; sourceTree = "<group>"; };
		2A3E183E1FBE3DFC00F9A250 /* HealthKit.framework */ = {isa = PBXFileReference; lastKnownFileType = wrapper.framework; name = HealthKit.framework; path = System/Library/Frameworks/HealthKit.framework; sourceTree = SDKROOT; };
		CF3F4AB81FBE378200399FC2 /* furychainsaw.app */ = {isa = PBXFileReference; explicitFileType = wrapper.application; includeInIndex = 0; path = furychainsaw.app; sourceTree = BUILT_PRODUCTS_DIR; };
		CF3F4ABB1FBE378200399FC2 /* AppDelegate.swift */ = {isa = PBXFileReference; lastKnownFileType = sourcecode.swift; path = AppDelegate.swift; sourceTree = "<group>"; };
		CF3F4ABD1FBE378200399FC2 /* MainController.swift */ = {isa = PBXFileReference; lastKnownFileType = sourcecode.swift; path = MainController.swift; sourceTree = "<group>"; };
		CF3F4AC01FBE378200399FC2 /* Base */ = {isa = PBXFileReference; lastKnownFileType = file.storyboard; name = Base; path = Base.lproj/Main.storyboard; sourceTree = "<group>"; };
		CF3F4AC21FBE378200399FC2 /* Assets.xcassets */ = {isa = PBXFileReference; lastKnownFileType = folder.assetcatalog; path = Assets.xcassets; sourceTree = "<group>"; };
		CF3F4AC51FBE378200399FC2 /* Base */ = {isa = PBXFileReference; lastKnownFileType = file.storyboard; name = Base; path = Base.lproj/LaunchScreen.storyboard; sourceTree = "<group>"; };
		CF3F4AC71FBE378200399FC2 /* Info.plist */ = {isa = PBXFileReference; lastKnownFileType = text.plist.xml; path = Info.plist; sourceTree = "<group>"; };
		CF3F4ACC1FBE378200399FC2 /* furychainsawUITests.xctest */ = {isa = PBXFileReference; explicitFileType = wrapper.cfbundle; includeInIndex = 0; path = furychainsawUITests.xctest; sourceTree = BUILT_PRODUCTS_DIR; };
		CF3F4AD01FBE378200399FC2 /* furychainsawUITests.swift */ = {isa = PBXFileReference; lastKnownFileType = sourcecode.swift; path = furychainsawUITests.swift; sourceTree = "<group>"; };
		CF3F4AD21FBE378200399FC2 /* Info.plist */ = {isa = PBXFileReference; lastKnownFileType = text.plist.xml; path = Info.plist; sourceTree = "<group>"; };
/* End PBXFileReference section */

/* Begin PBXFrameworksBuildPhase section */
		CF3F4AB51FBE378200399FC2 /* Frameworks */ = {
			isa = PBXFrameworksBuildPhase;
			buildActionMask = 2147483647;
			files = (
				2A3E183F1FBE3DFC00F9A250 /* HealthKit.framework in Frameworks */,
			);
			runOnlyForDeploymentPostprocessing = 0;
		};
		CF3F4AC91FBE378200399FC2 /* Frameworks */ = {
			isa = PBXFrameworksBuildPhase;
			buildActionMask = 2147483647;
			files = (
			);
			runOnlyForDeploymentPostprocessing = 0;
		};
/* End PBXFrameworksBuildPhase section */

/* Begin PBXGroup section */
		2A3E183D1FBE3DFC00F9A250 /* Frameworks */ = {
			isa = PBXGroup;
			children = (
				2A3E183E1FBE3DFC00F9A250 /* HealthKit.framework */,
			);
			name = Frameworks;
			sourceTree = "<group>";
		};
		CF3F4AAF1FBE378200399FC2 = {
			isa = PBXGroup;
			children = (
				CF3F4ABA1FBE378200399FC2 /* furychainsaw */,
				CF3F4ACF1FBE378200399FC2 /* furychainsawUITests */,
				CF3F4AB91FBE378200399FC2 /* Products */,
				2A3E183D1FBE3DFC00F9A250 /* Frameworks */,
			);
			sourceTree = "<group>";
		};
		CF3F4AB91FBE378200399FC2 /* Products */ = {
			isa = PBXGroup;
			children = (
				CF3F4AB81FBE378200399FC2 /* furychainsaw.app */,
				CF3F4ACC1FBE378200399FC2 /* furychainsawUITests.xctest */,
			);
			name = Products;
			sourceTree = "<group>";
		};
		CF3F4ABA1FBE378200399FC2 /* furychainsaw */ = {
			isa = PBXGroup;
			children = (
				2A3E183C1FBE3DFC00F9A250 /* furychainsaw.entitlements */,
				CF3F4ABB1FBE378200399FC2 /* AppDelegate.swift */,
				CF3F4ABD1FBE378200399FC2 /* MainController.swift */,
				CF3F4ABF1FBE378200399FC2 /* Main.storyboard */,
				CF3F4AC21FBE378200399FC2 /* Assets.xcassets */,
				CF3F4AC41FBE378200399FC2 /* LaunchScreen.storyboard */,
				CF3F4AC71FBE378200399FC2 /* Info.plist */,
			);
			path = furychainsaw;
			sourceTree = "<group>";
		};
		CF3F4ACF1FBE378200399FC2 /* furychainsawUITests */ = {
			isa = PBXGroup;
			children = (
				CF3F4AD01FBE378200399FC2 /* furychainsawUITests.swift */,
				CF3F4AD21FBE378200399FC2 /* Info.plist */,
			);
			path = furychainsawUITests;
			sourceTree = "<group>";
		};
/* End PBXGroup section */

/* Begin PBXNativeTarget section */
		CF3F4AB71FBE378200399FC2 /* furychainsaw */ = {
			isa = PBXNativeTarget;
			buildConfigurationList = CF3F4AD51FBE378200399FC2 /* Build configuration list for PBXNativeTarget "furychainsaw" */;
			buildPhases = (
				CF3F4AB41FBE378200399FC2 /* Sources */,
				CF3F4AB51FBE378200399FC2 /* Frameworks */,
				CF3F4AB61FBE378200399FC2 /* Resources */,
			);
			buildRules = (
			);
			dependencies = (
			);
			name = furychainsaw;
			productName = furychainsaw;
			productReference = CF3F4AB81FBE378200399FC2 /* furychainsaw.app */;
			productType = "com.apple.product-type.application";
		};
		CF3F4ACB1FBE378200399FC2 /* furychainsawUITests */ = {
			isa = PBXNativeTarget;
			buildConfigurationList = CF3F4AD81FBE378200399FC2 /* Build configuration list for PBXNativeTarget "furychainsawUITests" */;
			buildPhases = (
				CF3F4AC81FBE378200399FC2 /* Sources */,
				CF3F4AC91FBE378200399FC2 /* Frameworks */,
				CF3F4ACA1FBE378200399FC2 /* Resources */,
			);
			buildRules = (
			);
			dependencies = (
				CF3F4ACE1FBE378200399FC2 /* PBXTargetDependency */,
			);
			name = furychainsawUITests;
			productName = furychainsawUITests;
			productReference = CF3F4ACC1FBE378200399FC2 /* furychainsawUITests.xctest */;
			productType = "com.apple.product-type.bundle.ui-testing";
		};
/* End PBXNativeTarget section */

/* Begin PBXProject section */
		CF3F4AB01FBE378200399FC2 /* Project object */ = {
			isa = PBXProject;
			attributes = {
				LastSwiftUpdateCheck = 0910;
				LastUpgradeCheck = 0910;
				ORGANIZATIONNAME = "Ashwin Aggarwal";
				TargetAttributes = {
					CF3F4AB71FBE378200399FC2 = {
						CreatedOnToolsVersion = 9.1;
						ProvisioningStyle = Automatic;
						SystemCapabilities = {
							com.apple.HealthKit = {
								enabled = 1;
							};
						};
					};
					CF3F4ACB1FBE378200399FC2 = {
						CreatedOnToolsVersion = 9.1;
						ProvisioningStyle = Automatic;
						TestTargetID = CF3F4AB71FBE378200399FC2;
					};
				};
			};
			buildConfigurationList = CF3F4AB31FBE378200399FC2 /* Build configuration list for PBXProject "furychainsaw" */;
			compatibilityVersion = "Xcode 8.0";
			developmentRegion = en;
			hasScannedForEncodings = 0;
			knownRegions = (
				en,
				Base,
			);
			mainGroup = CF3F4AAF1FBE378200399FC2;
			productRefGroup = CF3F4AB91FBE378200399FC2 /* Products */;
			projectDirPath = "";
			projectRoot = "";
			targets = (
				CF3F4AB71FBE378200399FC2 /* furychainsaw */,
				CF3F4ACB1FBE378200399FC2 /* furychainsawUITests */,
			);
		};
/* End PBXProject section */

/* Begin PBXResourcesBuildPhase section */
		CF3F4AB61FBE378200399FC2 /* Resources */ = {
			isa = PBXResourcesBuildPhase;
			buildActionMask = 2147483647;
			files = (
				CF3F4AC61FBE378200399FC2 /* LaunchScreen.storyboard in Resources */,
				CF3F4AC31FBE378200399FC2 /* Assets.xcassets in Resources */,
				CF3F4AC11FBE378200399FC2 /* Main.storyboard in Resources */,
			);
			runOnlyForDeploymentPostprocessing = 0;
		};
		CF3F4ACA1FBE378200399FC2 /* Resources */ = {
			isa = PBXResourcesBuildPhase;
			buildActionMask = 2147483647;
			files = (
			);
			runOnlyForDeploymentPostprocessing = 0;
		};
/* End PBXResourcesBuildPhase section */

/* Begin PBXSourcesBuildPhase section */
		CF3F4AB41FBE378200399FC2 /* Sources */ = {
			isa = PBXSourcesBuildPhase;
			buildActionMask = 2147483647;
			files = (
				CF3F4ABE1FBE378200399FC2 /* MainController.swift in Sources */,
				CF3F4ABC1FBE378200399FC2 /* AppDelegate.swift in Sources */,
			);
			runOnlyForDeploymentPostprocessing = 0;
		};
		CF3F4AC81FBE378200399FC2 /* Sources */ = {
			isa = PBXSourcesBuildPhase;
			buildActionMask = 2147483647;
			files = (
				CF3F4AD11FBE378200399FC2 /* furychainsawUITests.swift in Sources */,
			);
			runOnlyForDeploymentPostprocessing = 0;
		};
/* End PBXSourcesBuildPhase section */

/* Begin PBXTargetDependency section */
		CF3F4ACE1FBE378200399FC2 /* PBXTargetDependency */ = {
			isa = PBXTargetDependency;
			target = CF3F4AB71FBE378200399FC2 /* furychainsaw */;
			targetProxy = CF3F4ACD1FBE378200399FC2 /* PBXContainerItemProxy */;
		};
/* End PBXTargetDependency section */

/* Begin PBXVariantGroup section */
		CF3F4ABF1FBE378200399FC2 /* Main.storyboard */ = {
			isa = PBXVariantGroup;
			children = (
				CF3F4AC01FBE378200399FC2 /* Base */,
			);
			name = Main.storyboard;
			sourceTree = "<group>";
		};
		CF3F4AC41FBE378200399FC2 /* LaunchScreen.storyboard */ = {
			isa = PBXVariantGroup;
			children = (
				CF3F4AC51FBE378200399FC2 /* Base */,
			);
			name = LaunchScreen.storyboard;
			sourceTree = "<group>";
		};
/* End PBXVariantGroup section */

/* Begin XCBuildConfiguration section */
		CF3F4AD31FBE378200399FC2 /* Debug */ = {
			isa = XCBuildConfiguration;
			buildSettings = {
				ALWAYS_SEARCH_USER_PATHS = NO;
				CLANG_ANALYZER_NONNULL = YES;
				CLANG_ANALYZER_NUMBER_OBJECT_CONVERSION = YES_AGGRESSIVE;
				CLANG_CXX_LANGUAGE_STANDARD = "gnu++14";
				CLANG_CXX_LIBRARY = "libc++";
				CLANG_ENABLE_MODULES = YES;
				CLANG_ENABLE_OBJC_ARC = YES;
				CLANG_WARN_BLOCK_CAPTURE_AUTORELEASING = YES;
				CLANG_WARN_BOOL_CONVERSION = YES;
				CLANG_WARN_COMMA = YES;
				CLANG_WARN_CONSTANT_CONVERSION = YES;
				CLANG_WARN_DIRECT_OBJC_ISA_USAGE = YES_ERROR;
				CLANG_WARN_DOCUMENTATION_COMMENTS = YES;
				CLANG_WARN_EMPTY_BODY = YES;
				CLANG_WARN_ENUM_CONVERSION = YES;
				CLANG_WARN_INFINITE_RECURSION = YES;
				CLANG_WARN_INT_CONVERSION = YES;
				CLANG_WARN_NON_LITERAL_NULL_CONVERSION = YES;
				CLANG_WARN_OBJC_LITERAL_CONVERSION = YES;
				CLANG_WARN_OBJC_ROOT_CLASS = YES_ERROR;
				CLANG_WARN_RANGE_LOOP_ANALYSIS = YES;
				CLANG_WARN_STRICT_PROTOTYPES = YES;
				CLANG_WARN_SUSPICIOUS_MOVE = YES;
				CLANG_WARN_UNGUARDED_AVAILABILITY = YES_AGGRESSIVE;
				CLANG_WARN_UNREACHABLE_CODE = YES;
				CLANG_WARN__DUPLICATE_METHOD_MATCH = YES;
				CODE_SIGN_IDENTITY = "iPhone Developer";
				COPY_PHASE_STRIP = NO;
				DEBUG_INFORMATION_FORMAT = dwarf;
				ENABLE_STRICT_OBJC_MSGSEND = YES;
				ENABLE_TESTABILITY = YES;
				GCC_C_LANGUAGE_STANDARD = gnu11;
				GCC_DYNAMIC_NO_PIC = NO;
				GCC_NO_COMMON_BLOCKS = YES;
				GCC_OPTIMIZATION_LEVEL = 0;
				GCC_PREPROCESSOR_DEFINITIONS = (
					"DEBUG=1",
					"$(inherited)",
				);
				GCC_WARN_64_TO_32_BIT_CONVERSION = YES;
				GCC_WARN_ABOUT_RETURN_TYPE = YES_ERROR;
				GCC_WARN_UNDECLARED_SELECTOR = YES;
				GCC_WARN_UNINITIALIZED_AUTOS = YES_AGGRESSIVE;
				GCC_WARN_UNUSED_FUNCTION = YES;
				GCC_WARN_UNUSED_VARIABLE = YES;
				IPHONEOS_DEPLOYMENT_TARGET = 11.1;
				MTL_ENABLE_DEBUG_INFO = YES;
				ONLY_ACTIVE_ARCH = YES;
				SDKROOT = iphoneos;
				SWIFT_ACTIVE_COMPILATION_CONDITIONS = DEBUG;
				SWIFT_OPTIMIZATION_LEVEL = "-Onone";
			};
			name = Debug;
		};
		CF3F4AD41FBE378200399FC2 /* Release */ = {
			isa = XCBuildConfiguration;
			buildSettings = {
				ALWAYS_SEARCH_USER_PATHS = NO;
				CLANG_ANALYZER_NONNULL = YES;
				CLANG_ANALYZER_NUMBER_OBJECT_CONVERSION = YES_AGGRESSIVE;
				CLANG_CXX_LANGUAGE_STANDARD = "gnu++14";
				CLANG_CXX_LIBRARY = "libc++";
				CLANG_ENABLE_MODULES = YES;
				CLANG_ENABLE_OBJC_ARC = YES;
				CLANG_WARN_BLOCK_CAPTURE_AUTORELEASING = YES;
				CLANG_WARN_BOOL_CONVERSION = YES;
				CLANG_WARN_COMMA = YES;
				CLANG_WARN_CONSTANT_CONVERSION = YES;
				CLANG_WARN_DIRECT_OBJC_ISA_USAGE = YES_ERROR;
				CLANG_WARN_DOCUMENTATION_COMMENTS = YES;
				CLANG_WARN_EMPTY_BODY = YES;
				CLANG_WARN_ENUM_CONVERSION = YES;
				CLANG_WARN_INFINITE_RECURSION = YES;
				CLANG_WARN_INT_CONVERSION = YES;
				CLANG_WARN_NON_LITERAL_NULL_CONVERSION = YES;
				CLANG_WARN_OBJC_LITERAL_CONVERSION = YES;
				CLANG_WARN_OBJC_ROOT_CLASS = YES_ERROR;
				CLANG_WARN_RANGE_LOOP_ANALYSIS = YES;
				CLANG_WARN_STRICT_PROTOTYPES = YES;
				CLANG_WARN_SUSPICIOUS_MOVE = YES;
				CLANG_WARN_UNGUARDED_AVAILABILITY = YES_AGGRESSIVE;
				CLANG_WARN_UNREACHABLE_CODE = YES;
				CLANG_WARN__DUPLICATE_METHOD_MATCH = YES;
				CODE_SIGN_IDENTITY = "iPhone Developer";
				COPY_PHASE_STRIP = NO;
				DEBUG_INFORMATION_FORMAT = "dwarf-with-dsym";
				ENABLE_NS_ASSERTIONS = NO;
				ENABLE_STRICT_OBJC_MSGSEND = YES;
				GCC_C_LANGUAGE_STANDARD = gnu11;
				GCC_NO_COMMON_BLOCKS = YES;
				GCC_WARN_64_TO_32_BIT_CONVERSION = YES;
				GCC_WARN_ABOUT_RETURN_TYPE = YES_ERROR;
				GCC_WARN_UNDECLARED_SELECTOR = YES;
				GCC_WARN_UNINITIALIZED_AUTOS = YES_AGGRESSIVE;
				GCC_WARN_UNUSED_FUNCTION = YES;
				GCC_WARN_UNUSED_VARIABLE = YES;
				IPHONEOS_DEPLOYMENT_TARGET = 11.1;
				MTL_ENABLE_DEBUG_INFO = NO;
				SDKROOT = iphoneos;
				SWIFT_OPTIMIZATION_LEVEL = "-Owholemodule";
				VALIDATE_PRODUCT = YES;
			};
			name = Release;
		};
		CF3F4AD61FBE378200399FC2 /* Debug */ = {
			isa = XCBuildConfiguration;
			buildSettings = {
				ASSETCATALOG_COMPILER_APPICON_NAME = AppIcon;
				CODE_SIGN_ENTITLEMENTS = furychainsaw/furychainsaw.entitlements;
				CODE_SIGN_STYLE = Automatic;
				DEVELOPMENT_TEAM = W4BXTUE4S6;
				INFOPLIST_FILE = furychainsaw/Info.plist;
				LD_RUNPATH_SEARCH_PATHS = "$(inherited) @executable_path/Frameworks";
				PRODUCT_BUNDLE_IDENTIFIER = AshwinAggarwal.furychainsaw;
				PRODUCT_NAME = "$(TARGET_NAME)";
				SWIFT_VERSION = 4.0;
				TARGETED_DEVICE_FAMILY = "1,2";
			};
			name = Debug;
		};
		CF3F4AD71FBE378200399FC2 /* Release */ = {
			isa = XCBuildConfiguration;
			buildSettings = {
				ASSETCATALOG_COMPILER_APPICON_NAME = AppIcon;
				CODE_SIGN_ENTITLEMENTS = furychainsaw/furychainsaw.entitlements;
				CODE_SIGN_STYLE = Automatic;
				DEVELOPMENT_TEAM = W4BXTUE4S6;
				INFOPLIST_FILE = furychainsaw/Info.plist;
				LD_RUNPATH_SEARCH_PATHS = "$(inherited) @executable_path/Frameworks";
				PRODUCT_BUNDLE_IDENTIFIER = AshwinAggarwal.furychainsaw;
				PRODUCT_NAME = "$(TARGET_NAME)";
				SWIFT_VERSION = 4.0;
				TARGETED_DEVICE_FAMILY = "1,2";
			};
			name = Release;
		};
		CF3F4AD91FBE378200399FC2 /* Debug */ = {
			isa = XCBuildConfiguration;
			buildSettings = {
				ALWAYS_EMBED_SWIFT_STANDARD_LIBRARIES = YES;
				CODE_SIGN_STYLE = Automatic;
				INFOPLIST_FILE = furychainsawUITests/Info.plist;
				LD_RUNPATH_SEARCH_PATHS = "$(inherited) @executable_path/Frameworks @loader_path/Frameworks";
				PRODUCT_BUNDLE_IDENTIFIER = AshwinAggarwal.furychainsawUITests;
				PRODUCT_NAME = "$(TARGET_NAME)";
				SWIFT_VERSION = 4.0;
				TARGETED_DEVICE_FAMILY = "1,2";
				TEST_TARGET_NAME = furychainsaw;
			};
			name = Debug;
		};
		CF3F4ADA1FBE378200399FC2 /* Release */ = {
			isa = XCBuildConfiguration;
			buildSettings = {
				ALWAYS_EMBED_SWIFT_STANDARD_LIBRARIES = YES;
				CODE_SIGN_STYLE = Automatic;
				INFOPLIST_FILE = furychainsawUITests/Info.plist;
				LD_RUNPATH_SEARCH_PATHS = "$(inherited) @executable_path/Frameworks @loader_path/Frameworks";
				PRODUCT_BUNDLE_IDENTIFIER = AshwinAggarwal.furychainsawUITests;
				PRODUCT_NAME = "$(TARGET_NAME)";
				SWIFT_VERSION = 4.0;
				TARGETED_DEVICE_FAMILY = "1,2";
				TEST_TARGET_NAME = furychainsaw;
			};
			name = Release;
		};
/* End XCBuildConfiguration section */

/* Begin XCConfigurationList section */
		CF3F4AB31FBE378200399FC2 /* Build configuration list for PBXProject "furychainsaw" */ = {
			isa = XCConfigurationList;
			buildConfigurations = (
				CF3F4AD31FBE378200399FC2 /* Debug */,
				CF3F4AD41FBE378200399FC2 /* Release */,
			);
			defaultConfigurationIsVisible = 0;
			defaultConfigurationName = Release;
		};
		CF3F4AD51FBE378200399FC2 /* Build configuration list for PBXNativeTarget "furychainsaw" */ = {
			isa = XCConfigurationList;
			buildConfigurations = (
				CF3F4AD61FBE378200399FC2 /* Debug */,
				CF3F4AD71FBE378200399FC2 /* Release */,
			);
			defaultConfigurationIsVisible = 0;
			defaultConfigurationName = Release;
		};
		CF3F4AD81FBE378200399FC2 /* Build configuration list for PBXNativeTarget "furychainsawUITests" */ = {
			isa = XCConfigurationList;
			buildConfigurations = (
				CF3F4AD91FBE378200399FC2 /* Debug */,
				CF3F4ADA1FBE378200399FC2 /* Release */,
			);
			defaultConfigurationIsVisible = 0;
			defaultConfigurationName = Release;
		};
/* End XCConfigurationList section */
	};
	rootObject = CF3F4AB01FBE378200399FC2 /* Project object */;
}
